
Microsoft Visual Studio Solution File, Format Version 12.00
# Visual Studio Version 16
VisualStudioVersion = 16.0.30907.101
MinimumVisualStudioVersion = 10.0.40219.1
Project("{9A19103F-16F7-4668-BE54-9A1E7A4F7556}") = "IS2B.Application.Api.Rest", "IS2B.Application.Api.Rest\IS2B.Application.Api.Rest.csproj", "{F1E6B6EC-E444-4B5E-B36F-E21063A0FA9E}"
EndProject
Project("{FAE04EC0-301F-11D3-BF4B-00C04F79EFBC}") = "IS2B.Domain", "IS2B.Domain\IS2B.Domain.csproj", "{7592F42D-8B5F-42A6-934E-793C824A4000}"
EndProject
Project("{FAE04EC0-301F-11D3-BF4B-00C04F79EFBC}") = "IS2B.Infra", "IS2B.Infra\IS2B.Infra.csproj", "{C4A765CB-9355-40D2-B20C-78B9FAC955C7}"
EndProject
Global
	GlobalSection(SolutionConfigurationPlatforms) = preSolution
		Debug|Any CPU = Debug|Any CPU
		Release|Any CPU = Release|Any CPU
	EndGlobalSection
	GlobalSection(ProjectConfigurationPlatforms) = postSolution
		{F1E6B6EC-E444-4B5E-B36F-E21063A0FA9E}.Debug|Any CPU.ActiveCfg = Debug|Any CPU
		{F1E6B6EC-E444-4B5E-B36F-E21063A0FA9E}.Debug|Any CPU.Build.0 = Debug|Any CPU
		{F1E6B6EC-E444-4B5E-B36F-E21063A0FA9E}.Release|Any CPU.ActiveCfg = Release|Any CPU
		{F1E6B6EC-E444-4B5E-B36F-E21063A0FA9E}.Release|Any CPU.Build.0 = Release|Any CPU
		{7592F42D-8B5F-42A6-934E-793C824A4000}.Debug|Any CPU.ActiveCfg = Debug|Any CPU
		{7592F42D-8B5F-42A6-934E-793C824A4000}.Debug|Any CPU.Build.0 = Debug|Any CPU
		{7592F42D-8B5F-42A6-934E-793C824A4000}.Release|Any CPU.ActiveCfg = Release|Any CPU
		{7592F42D-8B5F-42A6-934E-793C824A4000}.Release|Any CPU.Build.0 = Release|Any CPU
		{C4A765CB-9355-40D2-B20C-78B9FAC955C7}.Debug|Any CPU.ActiveCfg = Debug|Any CPU
		{C4A765CB-9355-40D2-B20C-78B9FAC955C7}.Debug|Any CPU.Build.0 = Debug|Any CPU
		{C4A765CB-9355-40D2-B20C-78B9FAC955C7}.Release|Any CPU.ActiveCfg = Release|Any CPU
		{C4A765CB-9355-40D2-B20C-78B9FAC955C7}.Release|Any CPU.Build.0 = Release|Any CPU
	EndGlobalSection
	GlobalSection(SolutionProperties) = preSolution
		HideSolutionNode = FALSE
	EndGlobalSection
	GlobalSection(ExtensibilityGlobals) = postSolution
		SolutionGuid = {9BB5AEEC-B252-4709-84DF-6444127C788F}
	EndGlobalSection
EndGlobal
